// !$*UTF8*$!
{
	archiveVersion = 1;
	classes = {
	};
	objectVersion = 46;
	objects = {

/* Begin PBXBuildFile section */
		E4B73DB31B8FBB880017DCAA /* AppDelegate.swift in Sources */ = {isa = PBXBuildFile; fileRef = E4B73DB21B8FBB880017DCAA /* AppDelegate.swift */; };
		E4B73DB51B8FBB880017DCAA /* GameScene.sks in Resources */ = {isa = PBXBuildFile; fileRef = E4B73DB41B8FBB880017DCAA /* GameScene.sks */; };
		E4B73DB71B8FBB880017DCAA /* GameScene.swift in Sources */ = {isa = PBXBuildFile; fileRef = E4B73DB61B8FBB880017DCAA /* GameScene.swift */; };
		E4B73DB91B8FBB880017DCAA /* GameViewController.swift in Sources */ = {isa = PBXBuildFile; fileRef = E4B73DB81B8FBB880017DCAA /* GameViewController.swift */; };
		E4B73DBC1B8FBB880017DCAA /* Main.storyboard in Resources */ = {isa = PBXBuildFile; fileRef = E4B73DBA1B8FBB880017DCAA /* Main.storyboard */; };
		E4B73DBE1B8FBB880017DCAA /* Assets.xcassets in Resources */ = {isa = PBXBuildFile; fileRef = E4B73DBD1B8FBB880017DCAA /* Assets.xcassets */; };
		E4B73DC11B8FBB880017DCAA /* LaunchScreen.storyboard in Resources */ = {isa = PBXBuildFile; fileRef = E4B73DBF1B8FBB880017DCAA /* LaunchScreen.storyboard */; };
		E4B73DCD1B8FBFD60017DCAA /* background-music-aac.caf in Resources */ = {isa = PBXBuildFile; fileRef = E4B73DCA1B8FBFD60017DCAA /* background-music-aac.caf */; };
		E4B73DCE1B8FBFD60017DCAA /* pew-pew-lei.caf in Resources */ = {isa = PBXBuildFile; fileRef = E4B73DCB1B8FBFD60017DCAA /* pew-pew-lei.caf */; };
		E4B73DCF1B8FBFD60017DCAA /* sprites.atlas in Resources */ = {isa = PBXBuildFile; fileRef = E4B73DCC1B8FBFD60017DCAA /* sprites.atlas */; };
/* End PBXBuildFile section */

/* Begin PBXFileReference section */
		E4B73DAF1B8FBB880017DCAA /* GamePro.app */ = {isa = PBXFileReference; explicitFileType = wrapper.application; includeInIndex = 0; path = GamePro.app; sourceTree = BUILT_PRODUCTS_DIR; };
		E4B73DB21B8FBB880017DCAA /* AppDelegate.swift */ = {isa = PBXFileReference; lastKnownFileType = sourcecode.swift; path = AppDelegate.swift; sourceTree = "<group>"; };
		E4B73DB41B8FBB880017DCAA /* GameScene.sks */ = {isa = PBXFileReference; lastKnownFileType = file.sks; path = GameScene.sks; sourceTree = "<group>"; };
		E4B73DB61B8FBB880017DCAA /* GameScene.swift */ = {isa = PBXFileReference; lastKnownFileType = sourcecode.swift; path = GameScene.swift; sourceTree = "<group>"; };
		E4B73DB81B8FBB880017DCAA /* GameViewController.swift */ = {isa = PBXFileReference; lastKnownFileType = sourcecode.swift; path = GameViewController.swift; sourceTree = "<group>"; };
		E4B73DBB1B8FBB880017DCAA /* Base */ = {isa = PBXFileReference; lastKnownFileType = file.storyboard; name = Base; path = Base.lproj/Main.storyboard; sourceTree = "<group>"; };
		E4B73DBD1B8FBB880017DCAA /* Assets.xcassets */ = {isa = PBXFileReference; lastKnownFileType = folder.assetcatalog; path = Assets.xcassets; sourceTree = "<group>"; };
		E4B73DC01B8FBB880017DCAA /* Base */ = {isa = PBXFileReference; lastKnownFileType = file.storyboard; name = Base; path = Base.lproj/LaunchScreen.storyboard; sourceTree = "<group>"; };
		E4B73DC21B8FBB880017DCAA /* Info.plist */ = {isa = PBXFileReference; lastKnownFileType = text.plist.xml; path = Info.plist; sourceTree = "<group>"; };
		E4B73DCA1B8FBFD60017DCAA /* background-music-aac.caf */ = {isa = PBXFileReference; lastKnownFileType = file; path = "background-music-aac.caf"; sourceTree = "<group>"; };
		E4B73DCB1B8FBFD60017DCAA /* pew-pew-lei.caf */ = {isa = PBXFileReference; lastKnownFileType = file; path = "pew-pew-lei.caf"; sourceTree = "<group>"; };
		E4B73DCC1B8FBFD60017DCAA /* sprites.atlas */ = {isa = PBXFileReference; lastKnownFileType = folder.skatlas; path = sprites.atlas; sourceTree = "<group>"; };
/* End PBXFileReference section */

/* Begin PBXFrameworksBuildPhase section */
		E4B73DAC1B8FBB880017DCAA /* Frameworks */ = {
			isa = PBXFrameworksBuildPhase;
			buildActionMask = 2147483647;
			files = (
			);
			runOnlyForDeploymentPostprocessing = 0;
		};
/* End PBXFrameworksBuildPhase section */

/* Begin PBXGroup section */
		E4B73DA61B8FBB880017DCAA = {
			isa = PBXGroup;
			children = (
				E4B73DB11B8FBB880017DCAA /* GamePro */,
				E4B73DB01B8FBB880017DCAA /* Products */,
			);
			sourceTree = "<group>";
		};
		E4B73DB01B8FBB880017DCAA /* Products */ = {
			isa = PBXGroup;
			children = (
				E4B73DAF1B8FBB880017DCAA /* GamePro.app */,
			);
			name = Products;
			sourceTree = "<group>";
		};
		E4B73DB11B8FBB880017DCAA /* GamePro */ = {
			isa = PBXGroup;
			children = (
				E4B73DB21B8FBB880017DCAA /* AppDelegate.swift */,
				E4B73DB41B8FBB880017DCAA /* GameScene.sks */,
				E4B73DB61B8FBB880017DCAA /* GameScene.swift */,
				E4B73DB81B8FBB880017DCAA /* GameViewController.swift */,
				E4B73DBA1B8FBB880017DCAA /* Main.storyboard */,
				E4B73DBD1B8FBB880017DCAA /* Assets.xcassets */,
				E4B73DBF1B8FBB880017DCAA /* LaunchScreen.storyboard */,
				E4B73DC21B8FBB880017DCAA /* Info.plist */,
				E4B73DC81B8FBFD60017DCAA /* SpriteKitSimpleGameResources 2 */,
			);
			path = GamePro;
			sourceTree = "<group>";
		};
		E4B73DC81B8FBFD60017DCAA /* SpriteKitSimpleGameResources 2 */ = {
			isa = PBXGroup;
			children = (
				E4B73DC91B8FBFD60017DCAA /* Sounds */,
				E4B73DCC1B8FBFD60017DCAA /* sprites.atlas */,
			);
			path = "SpriteKitSimpleGameResources 2";
			sourceTree = "<group>";
		};
		E4B73DC91B8FBFD60017DCAA /* Sounds */ = {
			isa = PBXGroup;
			children = (
				E4B73DCA1B8FBFD60017DCAA /* background-music-aac.caf */,
				E4B73DCB1B8FBFD60017DCAA /* pew-pew-lei.caf */,
			);
			path = Sounds;
			sourceTree = "<group>";
		};
/* End PBXGroup section */

/* Begin PBXNativeTarget section */
		E4B73DAE1B8FBB880017DCAA /* GamePro */ = {
			isa = PBXNativeTarget;
			buildConfigurationList = E4B73DC51B8FBB880017DCAA /* Build configuration list for PBXNativeTarget "GamePro" */;
			buildPhases = (
				E4B73DAB1B8FBB880017DCAA /* Sources */,
				E4B73DAC1B8FBB880017DCAA /* Frameworks */,
				E4B73DAD1B8FBB880017DCAA /* Resources */,
			);
			buildRules = (
			);
			dependencies = (
			);
			name = GamePro;
			productName = GamePro;
			productReference = E4B73DAF1B8FBB880017DCAA /* GamePro.app */;
			productType = "com.apple.product-type.application";
		};
/* End PBXNativeTarget section */

/* Begin PBXProject section */
		E4B73DA71B8FBB880017DCAA /* Project object */ = {
			isa = PBXProject;
			attributes = {
				LastUpgradeCheck = 0700;
				ORGANIZATIONNAME = "ze li";
				TargetAttributes = {
					E4B73DAE1B8FBB880017DCAA = {
						CreatedOnToolsVersion = 7.0;
					};
				};
			};
			buildConfigurationList = E4B73DAA1B8FBB880017DCAA /* Build configuration list for PBXProject "GamePro" */;
			compatibilityVersion = "Xcode 3.2";
			developmentRegion = English;
			hasScannedForEncodings = 0;
			knownRegions = (
				en,
				Base,
			);
			mainGroup = E4B73DA61B8FBB880017DCAA;
			productRefGroup = E4B73DB01B8FBB880017DCAA /* Products */;
			projectDirPath = "";
			projectRoot = "";
			targets = (
				E4B73DAE1B8FBB880017DCAA /* GamePro */,
			);
		};
/* End PBXProject section */

/* Begin PBXResourcesBuildPhase section */
		E4B73DAD1B8FBB880017DCAA /* Resources */ = {
			isa = PBXResourcesBuildPhase;
			buildActionMask = 2147483647;
			files = (
				E4B73DCF1B8FBFD60017DCAA /* sprites.atlas in Resources */,
				E4B73DCD1B8FBFD60017DCAA /* background-music-aac.caf in Resources */,
				E4B73DB51B8FBB880017DCAA /* GameScene.sks in Resources */,
				E4B73DC11B8FBB880017DCAA /* LaunchScreen.storyboard in Resources */,
				E4B73DBE1B8FBB880017DCAA /* Assets.xcassets in Resources */,
				E4B73DBC1B8FBB880017DCAA /* Main.storyboard in Resources */,
				E4B73DCE1B8FBFD60017DCAA /* pew-pew-lei.caf in Resources */,
			);
			runOnlyForDeploymentPostprocessing = 0;
		};
/* End PBXResourcesBuildPhase section */

/* Begin PBXSourcesBuildPhase section */
		E4B73DAB1B8FBB880017DCAA /* Sources */ = {
			isa = PBXSourcesBuildPhase;
			buildActionMask = 2147483647;
			files = (
				E4B73DB71B8FBB880017DCAA /* GameScene.swift in Sources */,
				E4B73DB91B8FBB880017DCAA /* GameViewController.swift in Sources */,
				E4B73DB31B8FBB880017DCAA /* AppDelegate.swift in Sources */,
			);
			runOnlyForDeploymentPostprocessing = 0;
		};
/* End PBXSourcesBuildPhase section */

/* Begin PBXVariantGroup section */
		E4B73DBA1B8FBB880017DCAA /* Main.storyboard */ = {
			isa = PBXVariantGroup;
			children = (
				E4B73DBB1B8FBB880017DCAA /* Base */,
			);
			name = Main.storyboard;
			sourceTree = "<group>";
		};
		E4B73DBF1B8FBB880017DCAA /* LaunchScreen.storyboard */ = {
			isa = PBXVariantGroup;
			children = (
				E4B73DC01B8FBB880017DCAA /* Base */,
			);
			name = LaunchScreen.storyboard;
			sourceTree = "<group>";
		};
/* End PBXVariantGroup section */

/* Begin XCBuildConfiguration section */
		E4B73DC31B8FBB880017DCAA /* Debug */ = {
			isa = XCBuildConfiguration;
			buildSettings = {
				ALWAYS_SEARCH_USER_PATHS = NO;
				CLANG_CXX_LANGUAGE_STANDARD = "gnu++0x";
				CLANG_CXX_LIBRARY = "libc++";
				CLANG_ENABLE_MODULES = YES;
				CLANG_ENABLE_OBJC_ARC = YES;
				CLANG_WARN_BOOL_CONVERSION = YES;
				CLANG_WARN_CONSTANT_CONVERSION = YES;
				CLANG_WARN_DIRECT_OBJC_ISA_USAGE = YES_ERROR;
				CLANG_WARN_EMPTY_BODY = YES;
				CLANG_WARN_ENUM_CONVERSION = YES;
				CLANG_WARN_INT_CONVERSION = YES;
				CLANG_WARN_OBJC_ROOT_CLASS = YES_ERROR;
				CLANG_WARN_UNREACHABLE_CODE = YES;
				CLANG_WARN__DUPLICATE_METHOD_MATCH = YES;
				"CODE_SIGN_IDENTITY[sdk=iphoneos*]" = "iPhone Developer";
				COPY_PHASE_STRIP = NO;
				DEBUG_INFORMATION_FORMAT = dwarf;
				ENABLE_STRICT_OBJC_MSGSEND = YES;
				ENABLE_TESTABILITY = YES;
				GCC_C_LANGUAGE_STANDARD = gnu99;
				GCC_DYNAMIC_NO_PIC = NO;
				GCC_NO_COMMON_BLOCKS = YES;
				GCC_OPTIMIZATION_LEVEL = 0;
				GCC_PREPROCESSOR_DEFINITIONS = (
					"DEBUG=1",
					"$(inherited)",
				);
				GCC_WARN_64_TO_32_BIT_CONVERSION = YES;
				GCC_WARN_ABOUT_RETURN_TYPE = YES_ERROR;
				GCC_WARN_UNDECLARED_SELECTOR = YES;
				GCC_WARN_UNINITIALIZED_AUTOS = YES_AGGRESSIVE;
				GCC_WARN_UNUSED_FUNCTION = YES;
				GCC_WARN_UNUSED_VARIABLE = YES;
				IPHONEOS_DEPLOYMENT_TARGET = 9.0;
				MTL_ENABLE_DEBUG_INFO = YES;
				ONLY_ACTIVE_ARCH = YES;
				SDKROOT = iphoneos;
				SWIFT_OPTIMIZATION_LEVEL = "-Onone";
				TARGETED_DEVICE_FAMILY = 2;
			};
			name = Debug;
		};
		E4B73DC41B8FBB880017DCAA /* Release */ = {
			isa = XCBuildConfiguration;
			buildSettings = {
				ALWAYS_SEARCH_USER_PATHS = NO;
				CLANG_CXX_LANGUAGE_STANDARD = "gnu++0x";
				CLANG_CXX_LIBRARY = "libc++";
				CLANG_ENABLE_MODULES = YES;
				CLANG_ENABLE_OBJC_ARC = YES;
				CLANG_WARN_BOOL_CONVERSION = YES;
				CLANG_WARN_CONSTANT_CONVERSION = YES;
				CLANG_WARN_DIRECT_OBJC_ISA_USAGE = YES_ERROR;
				CLANG_WARN_EMPTY_BODY = YES;
				CLANG_WARN_ENUM_CONVERSION = YES;
				CLANG_WARN_INT_CONVERSION = YES;
				CLANG_WARN_OBJC_ROOT_CLASS = YES_ERROR;
				CLANG_WARN_UNREACHABLE_CODE = YES;
				CLANG_WARN__DUPLICATE_METHOD_MATCH = YES;
				"CODE_SIGN_IDENTITY[sdk=iphoneos*]" = "iPhone Developer";
				COPY_PHASE_STRIP = NO;
				DEBUG_INFORMATION_FORMAT = "dwarf-with-dsym";
				ENABLE_NS_ASSERTIONS = NO;
				ENABLE_STRICT_OBJC_MSGSEND = YES;
				GCC_C_LANGUAGE_STANDARD = gnu99;
				GCC_NO_COMMON_BLOCKS = YES;
				GCC_WARN_64_TO_32_BIT_CONVERSION = YES;
				GCC_WARN_ABOUT_RETURN_TYPE = YES_ERROR;
				GCC_WARN_UNDECLARED_SELECTOR = YES;
				GCC_WARN_UNINITIALIZED_AUTOS = YES_AGGRESSIVE;
				GCC_WARN_UNUSED_FUNCTION = YES;
				GCC_WARN_UNUSED_VARIABLE = YES;
				IPHONEOS_DEPLOYMENT_TARGET = 9.0;
				MTL_ENABLE_DEBUG_INFO = NO;
				SDKROOT = iphoneos;
				TARGETED_DEVICE_FAMILY = 2;
				VALIDATE_PRODUCT = YES;
			};
			name = Release;
		};
		E4B73DC61B8FBB880017DCAA /* Debug */ = {
			isa = XCBuildConfiguration;
			buildSettings = {
				ASSETCATALOG_COMPILER_APPICON_NAME = AppIcon;
				INFOPLIST_FILE = GamePro/Info.plist;
				IPHONEOS_DEPLOYMENT_TARGET = 8.3;
				LD_RUNPATH_SEARCH_PATHS = "$(inherited) @executable_path/Frameworks";
				PRODUCT_BUNDLE_IDENTIFIER = com.zl.GamePro;
				PRODUCT_NAME = "$(TARGET_NAME)";
			};
			name = Debug;
		};
		E4B73DC71B8FBB880017DCAA /* Release */ = {
			isa = XCBuildConfiguration;
			buildSettings = {
				ASSETCATALOG_COMPILER_APPICON_NAME = AppIcon;
				INFOPLIST_FILE = GamePro/Info.plist;
				IPHONEOS_DEPLOYMENT_TARGET = 8.3;
				LD_RUNPATH_SEARCH_PATHS = "$(inherited) @executable_path/Frameworks";
				PRODUCT_BUNDLE_IDENTIFIER = com.zl.GamePro;
				PRODUCT_NAME = "$(TARGET_NAME)";
			};
			name = Release;
		};
/* End XCBuildConfiguration section */

/* Begin XCConfigurationList section */
		E4B73DAA1B8FBB880017DCAA /* Build configuration list for PBXProject "GamePro" */ = {
			isa = XCConfigurationList;
			buildConfigurations = (
				E4B73DC31B8FBB880017DCAA /* Debug */,
				E4B73DC41B8FBB880017DCAA /* Release */,
			);
			defaultConfigurationIsVisible = 0;
			defaultConfigurationName = Release;
		};
		E4B73DC51B8FBB880017DCAA /* Build configuration list for PBXNativeTarget "GamePro" */ = {
			isa = XCConfigurationList;
			buildConfigurations = (
				E4B73DC61B8FBB880017DCAA /* Debug */,
				E4B73DC71B8FBB880017DCAA /* Release */,
			);
			defaultConfigurationIsVisible = 0;
		};
/* End XCConfigurationList section */
	};
	rootObject = E4B73DA71B8FBB880017DCAA /* Project object */;
}
